
Microsoft Visual Studio Solution File, Format Version 12.00
# Visual Studio Version 16
VisualStudioVersion = 16.0.29418.71
MinimumVisualStudioVersion = 10.0.40219.1
Project("{FAE04EC0-301F-11D3-BF4B-00C04F79EFBC}") = "ManagedSoftwareImplementation", "ManagedSoftwareImplementation.csproj", "{0791F958-60AD-40FE-B24E-3F768CFBCD2C}"
EndProject
Global
	GlobalSection(SolutionConfigurationPlatforms) = preSolution
		Debug|Any CPU = Debug|Any CPU
		Release|Any CPU = Release|Any CPU
	EndGlobalSection
	GlobalSection(ProjectConfigurationPlatforms) = postSolution
		{0791F958-60AD-40FE-B24E-3F768CFBCD2C}.Debug|Any CPU.ActiveCfg = Debug|Any CPU
		{0791F958-60AD-40FE-B24E-3F768CFBCD2C}.Debug|Any CPU.Build.0 = Debug|Any CPU
		{0791F958-60AD-40FE-B24E-3F768CFBCD2C}.Release|Any CPU.ActiveCfg = Release|Any CPU
		{0791F958-60AD-40FE-B24E-3F768CFBCD2C}.Release|Any CPU.Build.0 = Release|Any CPU
	EndGlobalSection
	GlobalSection(SolutionProperties) = preSolution
		HideSolutionNode = FALSE
	EndGlobalSection
	GlobalSection(ExtensibilityGlobals) = postSolution
		SolutionGuid = {F272DE1C-994E-4E62-8E7C-A1039A663FF5}
	EndGlobalSection
EndGlobal
